// !$*UTF8*$!
{
	archiveVersion = 1;
	classes = {
	};
	objectVersion = 48;
	objects = {

/* Begin PBXBuildFile section */
		D434B7751FC8FFC7007AF9C3 /* Cocoa.framework in Frameworks */ = {isa = PBXBuildFile; fileRef = D434B7741FC8FFC7007AF9C3 /* Cocoa.framework */; };
		D434B77E1FC8FFC7007AF9C3 /* AudioAction.m in Sources */ = {isa = PBXBuildFile; fileRef = D434B77D1FC8FFC7007AF9C3 /* AudioAction.m */; };
		D434B7811FC8FFC7007AF9C3 /* AudioSource.m in Sources */ = {isa = PBXBuildFile; fileRef = D434B7801FC8FFC7007AF9C3 /* AudioSource.m */; };
		D46049EF20209AB0000D1C3F /* sample-rate.png in Resources */ = {isa = PBXBuildFile; fileRef = D46049EE20209AB0000D1C3F /* sample-rate.png */; };
		D4B1C817200E7CF300DC81CD /* QSAudio.m in Sources */ = {isa = PBXBuildFile; fileRef = D4B1C816200E7CF300DC81CD /* QSAudio.m */; };
		D4DD5165200C63C400241660 /* CoreAudio.framework in Frameworks */ = {isa = PBXBuildFile; fileRef = D4DD5164200C63C400241660 /* CoreAudio.framework */; };
		D4DD516E200C755C00241660 /* speaker.png in Resources */ = {isa = PBXBuildFile; fileRef = D4DD516C200C755C00241660 /* speaker.png */; };
		D4DD516F200C755C00241660 /* microphone.png in Resources */ = {isa = PBXBuildFile; fileRef = D4DD516D200C755C00241660 /* microphone.png */; };
		D4DD5171200C78DF00241660 /* audio.png in Resources */ = {isa = PBXBuildFile; fileRef = D4DD5170200C78DF00241660 /* audio.png */; };
/* End PBXBuildFile section */

/* Begin PBXFileReference section */
		D434B7711FC8FFC7007AF9C3 /* Audio Plugin.qsplugin */ = {isa = PBXFileReference; explicitFileType = wrapper.cfbundle; includeInIndex = 0; path = "Audio Plugin.qsplugin"; sourceTree = BUILT_PRODUCTS_DIR; };
		D434B7741FC8FFC7007AF9C3 /* Cocoa.framework */ = {isa = PBXFileReference; lastKnownFileType = wrapper.framework; name = Cocoa.framework; path = /System/Library/Frameworks/Cocoa.framework; sourceTree = "<absolute>"; };
		D434B77C1FC8FFC7007AF9C3 /* AudioAction.h */ = {isa = PBXFileReference; lastKnownFileType = sourcecode.c.h; path = AudioAction.h; sourceTree = "<group>"; };
		D434B77D1FC8FFC7007AF9C3 /* AudioAction.m */ = {isa = PBXFileReference; lastKnownFileType = sourcecode.c.objc; path = AudioAction.m; sourceTree = "<group>"; };
		D434B77F1FC8FFC7007AF9C3 /* AudioSource.h */ = {isa = PBXFileReference; lastKnownFileType = sourcecode.c.h; path = AudioSource.h; sourceTree = "<group>"; };
		D434B7801FC8FFC7007AF9C3 /* AudioSource.m */ = {isa = PBXFileReference; lastKnownFileType = sourcecode.c.objc; path = AudioSource.m; sourceTree = "<group>"; };
		D46049EE20209AB0000D1C3F /* sample-rate.png */ = {isa = PBXFileReference; lastKnownFileType = image.png; path = "sample-rate.png"; sourceTree = "<group>"; };
		D46888911FC903AC00797047 /* Developer.xcconfig */ = {isa = PBXFileReference; fileEncoding = 4; lastKnownFileType = text.xcconfig; path = Developer.xcconfig; sourceTree = "<group>"; };
		D46888921FC903AC00797047 /* Common.xcconfig */ = {isa = PBXFileReference; fileEncoding = 4; lastKnownFileType = text.xcconfig; path = Common.xcconfig; sourceTree = "<group>"; };
		D46888931FC903AC00797047 /* Debug.xcconfig */ = {isa = PBXFileReference; fileEncoding = 4; lastKnownFileType = text.xcconfig; path = Debug.xcconfig; sourceTree = "<group>"; };
		D46888941FC903AC00797047 /* Release.xcconfig */ = {isa = PBXFileReference; fileEncoding = 4; lastKnownFileType = text.xcconfig; path = Release.xcconfig; sourceTree = "<group>"; };
		D46888951FC903AC00797047 /* Quicksilver.pch */ = {isa = PBXFileReference; fileEncoding = 4; lastKnownFileType = sourcecode.c.h; path = Quicksilver.pch; sourceTree = "<group>"; };
		D46888961FC903AC00797047 /* QSPlugIn.xcconfig */ = {isa = PBXFileReference; fileEncoding = 4; lastKnownFileType = text.xcconfig; path = QSPlugIn.xcconfig; sourceTree = "<group>"; };
		D4B1C816200E7CF300DC81CD /* QSAudio.m */ = {isa = PBXFileReference; lastKnownFileType = sourcecode.c.objc; path = QSAudio.m; sourceTree = "<group>"; };
		D4DD5164200C63C400241660 /* CoreAudio.framework */ = {isa = PBXFileReference; lastKnownFileType = wrapper.framework; name = CoreAudio.framework; path = System/Library/Frameworks/CoreAudio.framework; sourceTree = SDKROOT; };
		D4DD516C200C755C00241660 /* speaker.png */ = {isa = PBXFileReference; lastKnownFileType = image.png; path = speaker.png; sourceTree = "<group>"; };
		D4DD516D200C755C00241660 /* microphone.png */ = {isa = PBXFileReference; lastKnownFileType = image.png; path = microphone.png; sourceTree = "<group>"; };
		D4DD5170200C78DF00241660 /* audio.png */ = {isa = PBXFileReference; lastKnownFileType = image.png; path = audio.png; sourceTree = "<group>"; };
		D4DD5172200CE47300241660 /* QSAudio.h */ = {isa = PBXFileReference; lastKnownFileType = sourcecode.c.h; path = QSAudio.h; sourceTree = "<group>"; };
		D4EF80261FC9004F0025F5EA /* Info.plist */ = {isa = PBXFileReference; fileEncoding = 4; lastKnownFileType = text.plist.xml; path = Info.plist; sourceTree = "<group>"; };
/* End PBXFileReference section */

/* Begin PBXFrameworksBuildPhase section */
		D434B76E1FC8FFC7007AF9C3 /* Frameworks */ = {
			isa = PBXFrameworksBuildPhase;
			buildActionMask = 2147483647;
			files = (
				D4DD5165200C63C400241660 /* CoreAudio.framework in Frameworks */,
				D434B7751FC8FFC7007AF9C3 /* Cocoa.framework in Frameworks */,
			);
			runOnlyForDeploymentPostprocessing = 0;
		};
/* End PBXFrameworksBuildPhase section */

/* Begin PBXGroup section */
		D434B7671FC8FFC7007AF9C3 = {
			isa = PBXGroup;
			children = (
				D46888901FC903AC00797047 /* Configuration */,
				D434B7761FC8FFC7007AF9C3 /* Audio */,
				D434B7731FC8FFC7007AF9C3 /* Frameworks */,
				D434B7721FC8FFC7007AF9C3 /* Products */,
			);
			sourceTree = "<group>";
		};
		D434B7721FC8FFC7007AF9C3 /* Products */ = {
			isa = PBXGroup;
			children = (
				D434B7711FC8FFC7007AF9C3 /* Audio Plugin.qsplugin */,
			);
			name = Products;
			sourceTree = "<group>";
		};
		D434B7731FC8FFC7007AF9C3 /* Frameworks */ = {
			isa = PBXGroup;
			children = (
				D4DD5164200C63C400241660 /* CoreAudio.framework */,
				D434B7741FC8FFC7007AF9C3 /* Cocoa.framework */,
			);
			name = Frameworks;
			sourceTree = "<group>";
		};
		D434B7761FC8FFC7007AF9C3 /* Audio */ = {
			isa = PBXGroup;
			children = (
				D4DD5172200CE47300241660 /* QSAudio.h */,
				D4B1C816200E7CF300DC81CD /* QSAudio.m */,
				D434B77C1FC8FFC7007AF9C3 /* AudioAction.h */,
				D434B77D1FC8FFC7007AF9C3 /* AudioAction.m */,
				D434B77F1FC8FFC7007AF9C3 /* AudioSource.h */,
				D434B7801FC8FFC7007AF9C3 /* AudioSource.m */,
				D4EF80261FC9004F0025F5EA /* Info.plist */,
				D4DD516B200C754700241660 /* Resources */,
			);
			path = Audio;
			sourceTree = "<group>";
		};
		D46888901FC903AC00797047 /* Configuration */ = {
			isa = PBXGroup;
			children = (
				D46888911FC903AC00797047 /* Developer.xcconfig */,
				D46888921FC903AC00797047 /* Common.xcconfig */,
				D46888931FC903AC00797047 /* Debug.xcconfig */,
				D46888941FC903AC00797047 /* Release.xcconfig */,
				D46888951FC903AC00797047 /* Quicksilver.pch */,
				D46888961FC903AC00797047 /* QSPlugIn.xcconfig */,
			);
			name = Configuration;
			path = /private/tmp/QS/Configuration;
			sourceTree = "<absolute>";
		};
		D4DD516B200C754700241660 /* Resources */ = {
			isa = PBXGroup;
			children = (
				D4DD5170200C78DF00241660 /* audio.png */,
				D4DD516D200C755C00241660 /* microphone.png */,
				D46049EE20209AB0000D1C3F /* sample-rate.png */,
				D4DD516C200C755C00241660 /* speaker.png */,
			);
			path = Resources;
			sourceTree = "<group>";
		};
/* End PBXGroup section */

/* Begin PBXNativeTarget section */
		D434B7701FC8FFC7007AF9C3 /* Audio Plugin */ = {
			isa = PBXNativeTarget;
			buildConfigurationList = D434B7851FC8FFC7007AF9C3 /* Build configuration list for PBXNativeTarget "Audio Plugin" */;
			buildPhases = (
				D434B76C1FC8FFC7007AF9C3 /* ShellScript */,
				D434B76D1FC8FFC7007AF9C3 /* Sources */,
				D434B76E1FC8FFC7007AF9C3 /* Frameworks */,
				D434B76F1FC8FFC7007AF9C3 /* Resources */,
			);
			buildRules = (
			);
			dependencies = (
			);
			name = "Audio Plugin";
			productName = Audio;
			productReference = D434B7711FC8FFC7007AF9C3 /* Audio Plugin.qsplugin */;
			productType = "com.apple.product-type.bundle";
		};
/* End PBXNativeTarget section */

/* Begin PBXProject section */
		D434B7681FC8FFC7007AF9C3 /* Project object */ = {
			isa = PBXProject;
			attributes = {
				LastUpgradeCheck = 0920;
				ORGANIZATIONNAME = Quicksilver;
				TargetAttributes = {
					D434B7701FC8FFC7007AF9C3 = {
						CreatedOnToolsVersion = 9.1;
						ProvisioningStyle = Manual;
					};
				};
			};
			buildConfigurationList = D434B76B1FC8FFC7007AF9C3 /* Build configuration list for PBXProject "Audio" */;
			compatibilityVersion = "Xcode 8.0";
			developmentRegion = en;
			hasScannedForEncodings = 0;
			knownRegions = (
				en,
			);
			mainGroup = D434B7671FC8FFC7007AF9C3;
			productRefGroup = D434B7721FC8FFC7007AF9C3 /* Products */;
			projectDirPath = "";
			projectRoot = "";
			targets = (
				D434B7701FC8FFC7007AF9C3 /* Audio Plugin */,
			);
		};
/* End PBXProject section */

/* Begin PBXResourcesBuildPhase section */
		D434B76F1FC8FFC7007AF9C3 /* Resources */ = {
			isa = PBXResourcesBuildPhase;
			buildActionMask = 2147483647;
			files = (
				D46049EF20209AB0000D1C3F /* sample-rate.png in Resources */,
				D4DD5171200C78DF00241660 /* audio.png in Resources */,
				D4DD516F200C755C00241660 /* microphone.png in Resources */,
				D4DD516E200C755C00241660 /* speaker.png in Resources */,
			);
			runOnlyForDeploymentPostprocessing = 0;
		};
/* End PBXResourcesBuildPhase section */

/* Begin PBXShellScriptBuildPhase section */
		D434B76C1FC8FFC7007AF9C3 /* ShellScript */ = {
			isa = PBXShellScriptBuildPhase;
			buildActionMask = 2147483647;
			files = (
			);
			inputPaths = (
			);
			outputPaths = (
			);
			runOnlyForDeploymentPostprocessing = 1;
			shellPath = /bin/sh;
			shellScript = "\"$QS_BUILD_ROOT/Tools/bltrversion\"";
		};
/* End PBXShellScriptBuildPhase section */

/* Begin PBXSourcesBuildPhase section */
		D434B76D1FC8FFC7007AF9C3 /* Sources */ = {
			isa = PBXSourcesBuildPhase;
			buildActionMask = 2147483647;
			files = (
				D434B77E1FC8FFC7007AF9C3 /* AudioAction.m in Sources */,
				D434B7811FC8FFC7007AF9C3 /* AudioSource.m in Sources */,
				D4B1C817200E7CF300DC81CD /* QSAudio.m in Sources */,
			);
			runOnlyForDeploymentPostprocessing = 0;
		};
/* End PBXSourcesBuildPhase section */

/* Begin XCBuildConfiguration section */
		D434B7831FC8FFC7007AF9C3 /* Debug */ = {
			isa = XCBuildConfiguration;
			baseConfigurationReference = D46888931FC903AC00797047 /* Debug.xcconfig */;
			buildSettings = {
				ENABLE_TESTABILITY = YES;
			};
			name = Debug;
		};
		D434B7841FC8FFC7007AF9C3 /* Release */ = {
			isa = XCBuildConfiguration;
			baseConfigurationReference = D46888941FC903AC00797047 /* Release.xcconfig */;
			buildSettings = {
			};
			name = Release;
		};
		D434B7861FC8FFC7007AF9C3 /* Debug */ = {
			isa = XCBuildConfiguration;
			baseConfigurationReference = D46888961FC903AC00797047 /* QSPlugIn.xcconfig */;
			buildSettings = {
				CODE_SIGN_STYLE = Manual;
				DEVELOPMENT_TEAM = "";
				INFOPLIST_FILE = "$(SRCROOT)/Audio/Info.plist";
				PRODUCT_BUNDLE_IDENTIFIER = com.qsapp.AudioPlugin;
			};
			name = Debug;
		};
		D434B7871FC8FFC7007AF9C3 /* Release */ = {
			isa = XCBuildConfiguration;
			baseConfigurationReference = D46888961FC903AC00797047 /* QSPlugIn.xcconfig */;
			buildSettings = {
				CODE_SIGN_STYLE = Manual;
				DEVELOPMENT_TEAM = "";
				INFOPLIST_FILE = "$(SRCROOT)/Audio/Info.plist";
				PRODUCT_BUNDLE_IDENTIFIER = com.qsapp.AudioPlugin;
			};
			name = Release;
		};
/* End XCBuildConfiguration section */

/* Begin XCConfigurationList section */
		D434B76B1FC8FFC7007AF9C3 /* Build configuration list for PBXProject "Audio" */ = {
			isa = XCConfigurationList;
			buildConfigurations = (
				D434B7831FC8FFC7007AF9C3 /* Debug */,
				D434B7841FC8FFC7007AF9C3 /* Release */,
			);
			defaultConfigurationIsVisible = 0;
			defaultConfigurationName = Release;
		};
		D434B7851FC8FFC7007AF9C3 /* Build configuration list for PBXNativeTarget "Audio Plugin" */ = {
			isa = XCConfigurationList;
			buildConfigurations = (
				D434B7861FC8FFC7007AF9C3 /* Debug */,
				D434B7871FC8FFC7007AF9C3 /* Release */,
			);
			defaultConfigurationIsVisible = 0;
			defaultConfigurationName = Release;
		};
/* End XCConfigurationList section */
	};
	rootObject = D434B7681FC8FFC7007AF9C3 /* Project object */;
}
